
Microsoft Visual Studio Solution File, Format Version 11.00
# Visual Studio 2010
Project("{FAE04EC0-301F-11D3-BF4B-00C04F79EFBC}") = "VuforiaScripts", "VuforiaScripts.csproj", "{7CE60633-988B-8579-A924-8E934AFF86BF}"
EndProject
Project("{FAE04EC0-301F-11D3-BF4B-00C04F79EFBC}") = "VuforiaEditorScripts", "VuforiaEditorScripts.csproj", "{FF494206-1379-B38F-4F4F-77DA02BB60D0}"
EndProject
Global
	GlobalSection(SolutionConfigurationPlatforms) = preSolution
		Debug|Any CPU = Debug|Any CPU
		Release|Any CPU = Release|Any CPU
	EndGlobalSection
	GlobalSection(ProjectConfigurationPlatforms) = postSolution
		{7CE60633-988B-8579-A924-8E934AFF86BF}.Debug|Any CPU.ActiveCfg = Debug|Any CPU
		{7CE60633-988B-8579-A924-8E934AFF86BF}.Debug|Any CPU.Build.0 = Debug|Any CPU
		{7CE60633-988B-8579-A924-8E934AFF86BF}.Release|Any CPU.ActiveCfg = Release|Any CPU
		{7CE60633-988B-8579-A924-8E934AFF86BF}.Release|Any CPU.Build.0 = Release|Any CPU
		{FF494206-1379-B38F-4F4F-77DA02BB60D0}.Debug|Any CPU.ActiveCfg = Debug|Any CPU
		{FF494206-1379-B38F-4F4F-77DA02BB60D0}.Debug|Any CPU.Build.0 = Debug|Any CPU
		{FF494206-1379-B38F-4F4F-77DA02BB60D0}.Release|Any CPU.ActiveCfg = Release|Any CPU
		{FF494206-1379-B38F-4F4F-77DA02BB60D0}.Release|Any CPU.Build.0 = Release|Any CPU
	EndGlobalSection
	GlobalSection(SolutionProperties) = preSolution
		HideSolutionNode = FALSE
	EndGlobalSection
	GlobalSection(MonoDevelopProperties) = preSolution
		StartupItem = Assembly-CSharp.csproj
	EndGlobalSection
EndGlobal
